
Microsoft Visual Studio Solution File, Format Version 12.00
# Visual Studio Version 17
VisualStudioVersion = 17.14.36202.13 d17.14
MinimumVisualStudioVersion = 10.0.40219.1
Project("{FAE04EC0-301F-11D3-BF4B-00C04F79EFBC}") = "Malshinon", "Malshinon.csproj", "{C8053150-C6E6-4512-B835-6ECE8FE9E09C}"
EndProject
Global
	GlobalSection(SolutionConfigurationPlatforms) = preSolution
		Debug|Any CPU = Debug|Any CPU
		Release|Any CPU = Release|Any CPU
	EndGlobalSection
	GlobalSection(ProjectConfigurationPlatforms) = postSolution
		{C8053150-C6E6-4512-B835-6ECE8FE9E09C}.Debug|Any CPU.ActiveCfg = Debug|Any CPU
		{C8053150-C6E6-4512-B835-6ECE8FE9E09C}.Debug|Any CPU.Build.0 = Debug|Any CPU
		{C8053150-C6E6-4512-B835-6ECE8FE9E09C}.Release|Any CPU.ActiveCfg = Release|Any CPU
		{C8053150-C6E6-4512-B835-6ECE8FE9E09C}.Release|Any CPU.Build.0 = Release|Any CPU
	EndGlobalSection
	GlobalSection(SolutionProperties) = preSolution
		HideSolutionNode = FALSE
	EndGlobalSection
	GlobalSection(ExtensibilityGlobals) = postSolution
		SolutionGuid = {365B29B9-073A-458B-BDD7-D274485C8989}
	EndGlobalSection
EndGlobal
